
Microsoft Visual Studio Solution File, Format Version 12.00
# Visual Studio Version 16
VisualStudioVersion = 16.0.31911.196
MinimumVisualStudioVersion = 10.0.40219.1
Project("{FAE04EC0-301F-11D3-BF4B-00C04F79EFBC}") = "Application", "Application\Application.csproj", "{837DFC56-C2DB-46EC-B52D-EEE0CC3C3E01}"
EndProject
Project("{FAE04EC0-301F-11D3-BF4B-00C04F79EFBC}") = "HotBeverageService", "HotBeverageService\HotBeverageService.csproj", "{AE3841DC-5E61-4C04-8F6B-D6C1FAA7B34F}"
EndProject
Project("{FAE04EC0-301F-11D3-BF4B-00C04F79EFBC}") = "HotBeverageServiceUnitTests", "HotBeverageServiceUnitTests\HotBeverageServiceUnitTests.csproj", "{C6EA23E3-8265-49EB-A261-FFDD3A00708D}"
EndProject
Global
	GlobalSection(SolutionConfigurationPlatforms) = preSolution
		Debug|Any CPU = Debug|Any CPU
		Release|Any CPU = Release|Any CPU
	EndGlobalSection
	GlobalSection(ProjectConfigurationPlatforms) = postSolution
		{837DFC56-C2DB-46EC-B52D-EEE0CC3C3E01}.Debug|Any CPU.ActiveCfg = Debug|Any CPU
		{837DFC56-C2DB-46EC-B52D-EEE0CC3C3E01}.Debug|Any CPU.Build.0 = Debug|Any CPU
		{837DFC56-C2DB-46EC-B52D-EEE0CC3C3E01}.Release|Any CPU.ActiveCfg = Release|Any CPU
		{837DFC56-C2DB-46EC-B52D-EEE0CC3C3E01}.Release|Any CPU.Build.0 = Release|Any CPU
		{AE3841DC-5E61-4C04-8F6B-D6C1FAA7B34F}.Debug|Any CPU.ActiveCfg = Debug|Any CPU
		{AE3841DC-5E61-4C04-8F6B-D6C1FAA7B34F}.Debug|Any CPU.Build.0 = Debug|Any CPU
		{AE3841DC-5E61-4C04-8F6B-D6C1FAA7B34F}.Release|Any CPU.ActiveCfg = Release|Any CPU
		{AE3841DC-5E61-4C04-8F6B-D6C1FAA7B34F}.Release|Any CPU.Build.0 = Release|Any CPU
		{C6EA23E3-8265-49EB-A261-FFDD3A00708D}.Debug|Any CPU.ActiveCfg = Debug|Any CPU
		{C6EA23E3-8265-49EB-A261-FFDD3A00708D}.Debug|Any CPU.Build.0 = Debug|Any CPU
		{C6EA23E3-8265-49EB-A261-FFDD3A00708D}.Release|Any CPU.ActiveCfg = Release|Any CPU
		{C6EA23E3-8265-49EB-A261-FFDD3A00708D}.Release|Any CPU.Build.0 = Release|Any CPU
	EndGlobalSection
	GlobalSection(SolutionProperties) = preSolution
		HideSolutionNode = FALSE
	EndGlobalSection
	GlobalSection(ExtensibilityGlobals) = postSolution
		SolutionGuid = {11C9554D-FF00-44B3-B049-D18A2C077BA5}
	EndGlobalSection
EndGlobal
